
Microsoft Visual Studio Solution File, Format Version 12.00
# Visual Studio Version 17
VisualStudioVersion = 17.1.32210.238
MinimumVisualStudioVersion = 10.0.40219.1
Project("{FAE04EC0-301F-11D3-BF4B-00C04F79EFBC}") = "punkThumbnailListView.Core", "punkThumbnailListView.Core\punkThumbnailListView.Core.csproj", "{A78CA061-B6B2-4B33-8E85-06C786A028E3}"
EndProject
Global
	GlobalSection(SolutionConfigurationPlatforms) = preSolution
		Debug|Any CPU = Debug|Any CPU
		Release|Any CPU = Release|Any CPU
	EndGlobalSection
	GlobalSection(ProjectConfigurationPlatforms) = postSolution
		{A78CA061-B6B2-4B33-8E85-06C786A028E3}.Debug|Any CPU.ActiveCfg = Debug|Any CPU
		{A78CA061-B6B2-4B33-8E85-06C786A028E3}.Debug|Any CPU.Build.0 = Debug|Any CPU
		{A78CA061-B6B2-4B33-8E85-06C786A028E3}.Release|Any CPU.ActiveCfg = Release|Any CPU
		{A78CA061-B6B2-4B33-8E85-06C786A028E3}.Release|Any CPU.Build.0 = Release|Any CPU
	EndGlobalSection
	GlobalSection(SolutionProperties) = preSolution
		HideSolutionNode = FALSE
	EndGlobalSection
	GlobalSection(ExtensibilityGlobals) = postSolution
		SolutionGuid = {3EDCC835-8B2A-4673-9949-180DD8386D09}
	EndGlobalSection
EndGlobal
